
Microsoft Visual Studio Solution File, Format Version 12.00
# Visual Studio Version 16
VisualStudioVersion = 16.0.28803.452
MinimumVisualStudioVersion = 10.0.40219.1
Project("{FAE04EC0-301F-11D3-BF4B-00C04F79EFBC}") = "BME280Logger", "BME280Logger\BME280Logger.csproj", "{F99F227E-B833-45BA-85F4-0D6066232B74}"
EndProject
Project("{FAE04EC0-301F-11D3-BF4B-00C04F79EFBC}") = "Monoculture.Core.Drivers.BME280", "Monoculture.Core.Drivers.BME280\Monoculture.Core.Drivers.BME280.csproj", "{4790CF83-3013-430E-AA12-41E1D794DE8A}"
EndProject
Global
	GlobalSection(SolutionConfigurationPlatforms) = preSolution
		Debug|Any CPU = Debug|Any CPU
		Release|Any CPU = Release|Any CPU
	EndGlobalSection
	GlobalSection(ProjectConfigurationPlatforms) = postSolution
		{F99F227E-B833-45BA-85F4-0D6066232B74}.Debug|Any CPU.ActiveCfg = Debug|Any CPU
		{F99F227E-B833-45BA-85F4-0D6066232B74}.Debug|Any CPU.Build.0 = Debug|Any CPU
		{F99F227E-B833-45BA-85F4-0D6066232B74}.Release|Any CPU.ActiveCfg = Release|Any CPU
		{F99F227E-B833-45BA-85F4-0D6066232B74}.Release|Any CPU.Build.0 = Release|Any CPU
		{4790CF83-3013-430E-AA12-41E1D794DE8A}.Debug|Any CPU.ActiveCfg = Debug|Any CPU
		{4790CF83-3013-430E-AA12-41E1D794DE8A}.Debug|Any CPU.Build.0 = Debug|Any CPU
		{4790CF83-3013-430E-AA12-41E1D794DE8A}.Release|Any CPU.ActiveCfg = Release|Any CPU
		{4790CF83-3013-430E-AA12-41E1D794DE8A}.Release|Any CPU.Build.0 = Release|Any CPU
	EndGlobalSection
	GlobalSection(SolutionProperties) = preSolution
		HideSolutionNode = FALSE
	EndGlobalSection
	GlobalSection(ExtensibilityGlobals) = postSolution
		SolutionGuid = {D06446EC-35FD-47E2-B391-3E6DAF4EDFF1}
	EndGlobalSection
EndGlobal
